# THIS IS AN AUTOGENERATED FILE. DO NOT EDIT THIS FILE DIRECTLY.
# yarn lockfile v1


cannon-es@^0.18.0:
  version "0.18.0"
  resolved "https://registry.yarnpkg.com/cannon-es/-/cannon-es-0.18.0.tgz#ae831ff9df2352d5faabb269c11ea0f10bc35c7e"
  integrity sha512-GiQ1bd0etZsMVSnUhNc+p+FEh0R/cULpp8uRSAhEK4Kax+y/31Au03m6h1h1xdDivAMnFg8YDwevHgzLynOHlw==
